
Microsoft Visual Studio Solution File, Format Version 12.00
# Visual Studio Version 17
VisualStudioVersion = 17.3.32714.290
MinimumVisualStudioVersion = 10.0.40219.1
Project("{9A19103F-16F7-4668-BE54-9A1E7A4F7556}") = "SvelteKitSample", "SasyCakeAwaySrc\SvelteKitSample.csproj", "{060E1CB4-D36A-4013-A14E-3CF62405BBCC}"
EndProject
Project("{9A19103F-16F7-4668-BE54-9A1E7A4F7556}") = "Jering", "Jering\Jering.csproj", "{D4E48805-78DC-47CF-94AB-0F48EE456139}"
EndProject
Global
	GlobalSection(SolutionConfigurationPlatforms) = preSolution
		Debug|Any CPU = Debug|Any CPU
		Release|Any CPU = Release|Any CPU
	EndGlobalSection
	GlobalSection(ProjectConfigurationPlatforms) = postSolution
		{060E1CB4-D36A-4013-A14E-3CF62405BBCC}.Debug|Any CPU.ActiveCfg = Debug|Any CPU
		{060E1CB4-D36A-4013-A14E-3CF62405BBCC}.Debug|Any CPU.Build.0 = Debug|Any CPU
		{060E1CB4-D36A-4013-A14E-3CF62405BBCC}.Release|Any CPU.ActiveCfg = Release|Any CPU
		{060E1CB4-D36A-4013-A14E-3CF62405BBCC}.Release|Any CPU.Build.0 = Release|Any CPU
		{D4E48805-78DC-47CF-94AB-0F48EE456139}.Debug|Any CPU.ActiveCfg = Debug|Any CPU
		{D4E48805-78DC-47CF-94AB-0F48EE456139}.Debug|Any CPU.Build.0 = Debug|Any CPU
		{D4E48805-78DC-47CF-94AB-0F48EE456139}.Release|Any CPU.ActiveCfg = Release|Any CPU
		{D4E48805-78DC-47CF-94AB-0F48EE456139}.Release|Any CPU.Build.0 = Release|Any CPU
	EndGlobalSection
	GlobalSection(SolutionProperties) = preSolution
		HideSolutionNode = FALSE
	EndGlobalSection
	GlobalSection(ExtensibilityGlobals) = postSolution
		SolutionGuid = {318D219F-2B60-438D-A0F7-1AA02AF38BB0}
	EndGlobalSection
EndGlobal
